- chart: flux-app
  release: flux-giantswarm
  version: 1.2.0-faa5f89120c052b3d5850504a5ed86ab93b89b55
  namespace: flux-system
  repourl: https://giantswarm.github.io/giantswarm-test-catalog/
  reponame: flux-app
  gitcommit: d0b959736314b74a2ef72e053e128cf37cc05070
  values:
  - flux-system-flux-giantswarm-values.flux-aws.yaml
  - flux-system-flux-giantswarm-values.flux.yaml
  - flux-system-flux-giantswarm-values.flux-aws.yaml
  - flux-system-flux-giantswarm-values.flux.yaml
  secrets: []
- chart: namespaces
  release: namespaces
  version: 0.1.0
  namespace: default
  repourl: oci://git.badhouseplants.net/allanger/helm
  reponame: badhouseplants-oci
  gitcommit: 7ffd1986c3b116f0f5186e869d1c7a1999c50c98
  values:
  - default-namespaces-values.yaml
  - default-namespaces-values.yaml
  secrets: []
- chart: namespaces
  release: namespaces
  version: 0.1.0
  namespace: default
  repourl: oci://git.badhouseplants.net/allanger/helm
  reponame: badhouseplants-oci
  gitcommit: 7ffd1986c3b116f0f5186e869d1c7a1999c50c98
  values:
  - default-namespaces-values.yaml
  - default-namespaces-values.yaml
  secrets: []
- chart: namespaces
  release: namespaces
  version: 0.1.0
  namespace: default
  repourl: oci://git.badhouseplants.net/allanger/helm
  reponame: badhouseplants-oci
  gitcommit: 7ffd1986c3b116f0f5186e869d1c7a1999c50c98
  values:
  - default-namespaces-values.yaml
  - default-namespaces-values.yaml
  secrets: []
- chart: namespaces
  release: namespaces
  version: 0.1.0
  namespace: default
  repourl: oci://git.badhouseplants.net/allanger/helm
  reponame: badhouseplants-oci
  gitcommit: 7ffd1986c3b116f0f5186e869d1c7a1999c50c98
  values:
  - default-namespaces-values.yaml
  - default-namespaces-values.yaml
  secrets: []
- chart: namespaces
  release: namespaces
  version: 0.1.0
  namespace: default
  repourl: oci://git.badhouseplants.net/allanger/helm
  reponame: badhouseplants-oci
  gitcommit: 7ffd1986c3b116f0f5186e869d1c7a1999c50c98
  values:
  - default-namespaces-values.yaml
  - default-namespaces-values.yaml
  secrets: []
- chart: namespaces
  release: namespaces
  version: 0.1.0
  namespace: default
  repourl: oci://git.badhouseplants.net/allanger/helm
  reponame: badhouseplants-oci
  gitcommit: 7ffd1986c3b116f0f5186e869d1c7a1999c50c98
  values:
  - default-namespaces-values.yaml
  - default-namespaces-values.yaml
  secrets: []
- chart: namespaces
  release: namespaces
  version: 0.1.0
  namespace: default
  repourl: oci://git.badhouseplants.net/allanger/helm
  reponame: badhouseplants-oci
  gitcommit: 7ffd1986c3b116f0f5186e869d1c7a1999c50c98
  values:
  - default-namespaces-values.yaml
  - default-namespaces-values.yaml
  secrets: []
- chart: namespaces
  release: namespaces
  version: 0.1.0
  namespace: default
  repourl: oci://git.badhouseplants.net/allanger/helm
  reponame: badhouseplants-oci
  gitcommit: 7ffd1986c3b116f0f5186e869d1c7a1999c50c98
  values:
  - default-namespaces-values.yaml
  - default-namespaces-values.yaml
  secrets: []
- chart: namespaces
  release: namespaces
  version: 0.1.0
  namespace: default
  repourl: oci://git.badhouseplants.net/allanger/helm
  reponame: badhouseplants-oci
  gitcommit: 7ffd1986c3b116f0f5186e869d1c7a1999c50c98
  values:
  - default-namespaces-values.yaml
  - default-namespaces-values.yaml
  secrets: []
- chart: namespaces
  release: namespaces
  version: 0.1.0
  namespace: default
  repourl: oci://git.badhouseplants.net/allanger/helm
  reponame: badhouseplants-oci
  gitcommit: 7ffd1986c3b116f0f5186e869d1c7a1999c50c98
  values:
  - default-namespaces-values.yaml
  - default-namespaces-values.yaml
  secrets: []
- chart: namespaces
  release: namespaces
  version: 0.1.0
  namespace: default
  repourl: oci://git.badhouseplants.net/allanger/helm
  reponame: badhouseplants-oci
  gitcommit: 7ffd1986c3b116f0f5186e869d1c7a1999c50c98
  values:
  - default-namespaces-values.yaml
  - default-namespaces-values.yaml
  secrets: []
- chart: namespaces
  release: namespaces
  version: 0.1.0
  namespace: default
  repourl: oci://git.badhouseplants.net/allanger/helm
  reponame: badhouseplants-oci
  gitcommit: 7ffd1986c3b116f0f5186e869d1c7a1999c50c98
  values:
  - default-namespaces-values.yaml
  - default-namespaces-values.yaml
  secrets: []
- chart: namespaces
  release: namespaces
  version: 0.1.0
  namespace: default
  repourl: oci://git.badhouseplants.net/allanger/helm
  reponame: badhouseplants-oci
  gitcommit: 7ffd1986c3b116f0f5186e869d1c7a1999c50c98
  values:
  - default-namespaces-values.yaml
  - default-namespaces-values.yaml
  secrets: []
- chart: namespaces
  release: namespaces
  version: 0.1.0
  namespace: default
  repourl: oci://git.badhouseplants.net/allanger/helm
  reponame: badhouseplants-oci
  gitcommit: 7ffd1986c3b116f0f5186e869d1c7a1999c50c98
  values:
  - default-namespaces-values.yaml
  - default-namespaces-values.yaml
  secrets: []
- chart: namespaces
  release: namespaces
  version: 0.1.0
  namespace: default
  repourl: oci://git.badhouseplants.net/allanger/helm
  reponame: badhouseplants-oci
  gitcommit: 7ffd1986c3b116f0f5186e869d1c7a1999c50c98
  values:
  - default-namespaces-values.yaml
  - default-namespaces-values.yaml
  secrets: []
- chart: namespaces
  release: namespaces
  version: 0.1.0
  namespace: default
  repourl: oci://git.badhouseplants.net/allanger/helm
  reponame: badhouseplants-oci
  gitcommit: 7ffd1986c3b116f0f5186e869d1c7a1999c50c98
  values:
  - default-namespaces-values.yaml
  - default-namespaces-values.yaml
  secrets: []
- chart: vpa
  release: vpa
  version: 4.4.1
  namespace: giantswarm
  repourl: https://charts.fairwinds.com/stable
  reponame: fairwinds-stable
  gitcommit: 557739b8193ef9da8b91800aa7e08e01eff29786
  values: []
  secrets: []
